
Microsoft Visual Studio Solution File, Format Version 12.00
# Visual Studio Version 17
VisualStudioVersion = 17.12.35527.113 d17.12
MinimumVisualStudioVersion = 10.0.40219.1
Project("{FAE04EC0-301F-11D3-BF4B-00C04F79EFBC}") = "TotalBase", "TotalBase\TotalBase.csproj", "{1C59922A-6034-4A4A-8DCD-192365F7C665}"
EndProject
Project("{FAE04EC0-301F-11D3-BF4B-00C04F79EFBC}") = "TotalDTO", "TotalDTO\TotalDTO.csproj", "{72239D3C-EF33-4C8C-AB1B-C504BFC77D2B}"
EndProject
Project("{FAE04EC0-301F-11D3-BF4B-00C04F79EFBC}") = "TotalModel", "TotalModel\TotalModel.csproj", "{94D21E0E-4171-4DAD-8BEB-6C8ED6DEA991}"
EndProject
Global
	GlobalSection(SolutionConfigurationPlatforms) = preSolution
		Debug|Any CPU = Debug|Any CPU
		Release|Any CPU = Release|Any CPU
	EndGlobalSection
	GlobalSection(ProjectConfigurationPlatforms) = postSolution
		{1C59922A-6034-4A4A-8DCD-192365F7C665}.Debug|Any CPU.ActiveCfg = Debug|Any CPU
		{1C59922A-6034-4A4A-8DCD-192365F7C665}.Debug|Any CPU.Build.0 = Debug|Any CPU
		{1C59922A-6034-4A4A-8DCD-192365F7C665}.Release|Any CPU.ActiveCfg = Release|Any CPU
		{1C59922A-6034-4A4A-8DCD-192365F7C665}.Release|Any CPU.Build.0 = Release|Any CPU
		{72239D3C-EF33-4C8C-AB1B-C504BFC77D2B}.Debug|Any CPU.ActiveCfg = Debug|Any CPU
		{72239D3C-EF33-4C8C-AB1B-C504BFC77D2B}.Debug|Any CPU.Build.0 = Debug|Any CPU
		{72239D3C-EF33-4C8C-AB1B-C504BFC77D2B}.Release|Any CPU.ActiveCfg = Release|Any CPU
		{72239D3C-EF33-4C8C-AB1B-C504BFC77D2B}.Release|Any CPU.Build.0 = Release|Any CPU
		{94D21E0E-4171-4DAD-8BEB-6C8ED6DEA991}.Debug|Any CPU.ActiveCfg = Debug|Any CPU
		{94D21E0E-4171-4DAD-8BEB-6C8ED6DEA991}.Debug|Any CPU.Build.0 = Debug|Any CPU
		{94D21E0E-4171-4DAD-8BEB-6C8ED6DEA991}.Release|Any CPU.ActiveCfg = Release|Any CPU
		{94D21E0E-4171-4DAD-8BEB-6C8ED6DEA991}.Release|Any CPU.Build.0 = Release|Any CPU
	EndGlobalSection
	GlobalSection(SolutionProperties) = preSolution
		HideSolutionNode = FALSE
	EndGlobalSection
EndGlobal
